
Microsoft Visual Studio Solution File, Format Version 12.00
# Visual Studio Version 17
VisualStudioVersion = 17.9.34701.34
MinimumVisualStudioVersion = 10.0.40219.1
Project("{FAE04EC0-301F-11D3-BF4B-00C04F79EFBC}") = "gilyazovgame1", "gilyazovgame1\gilyazovgame1.csproj", "{D00A8C39-BB3A-4A8B-97E6-0EA376F74B26}"
EndProject
Global
	GlobalSection(SolutionConfigurationPlatforms) = preSolution
		Debug|Any CPU = Debug|Any CPU
		Release|Any CPU = Release|Any CPU
	EndGlobalSection
	GlobalSection(ProjectConfigurationPlatforms) = postSolution
		{D00A8C39-BB3A-4A8B-97E6-0EA376F74B26}.Debug|Any CPU.ActiveCfg = Debug|Any CPU
		{D00A8C39-BB3A-4A8B-97E6-0EA376F74B26}.Debug|Any CPU.Build.0 = Debug|Any CPU
		{D00A8C39-BB3A-4A8B-97E6-0EA376F74B26}.Release|Any CPU.ActiveCfg = Release|Any CPU
		{D00A8C39-BB3A-4A8B-97E6-0EA376F74B26}.Release|Any CPU.Build.0 = Release|Any CPU
	EndGlobalSection
	GlobalSection(SolutionProperties) = preSolution
		HideSolutionNode = FALSE
	EndGlobalSection
	GlobalSection(ExtensibilityGlobals) = postSolution
		SolutionGuid = {3E4CB2A7-0828-4C9B-9D74-17845A23E9FA}
	EndGlobalSection
EndGlobal
